
Microsoft Visual Studio Solution File, Format Version 12.00
# Visual Studio Version 17
VisualStudioVersion = 17.5.001.0
MinimumVisualStudioVersion = 10.0.40219.1
Project("{9A19103F-16F7-4668-BE54-9A1E7A4F7556}") = "Play.Catalog.Service", "Play.Catalog.Service.csproj", "{DA37DA72-3906-4C9D-9313-B9A4CC50E29B}"
EndProject
Global
	GlobalSection(SolutionConfigurationPlatforms) = preSolution
		Debug|Any CPU = Debug|Any CPU
		Release|Any CPU = Release|Any CPU
	EndGlobalSection
	GlobalSection(ProjectConfigurationPlatforms) = postSolution
		{DA37DA72-3906-4C9D-9313-B9A4CC50E29B}.Debug|Any CPU.ActiveCfg = Debug|Any CPU
		{DA37DA72-3906-4C9D-9313-B9A4CC50E29B}.Debug|Any CPU.Build.0 = Debug|Any CPU
		{DA37DA72-3906-4C9D-9313-B9A4CC50E29B}.Release|Any CPU.ActiveCfg = Release|Any CPU
		{DA37DA72-3906-4C9D-9313-B9A4CC50E29B}.Release|Any CPU.Build.0 = Release|Any CPU
	EndGlobalSection
	GlobalSection(SolutionProperties) = preSolution
		HideSolutionNode = FALSE
	EndGlobalSection
	GlobalSection(ExtensibilityGlobals) = postSolution
		SolutionGuid = {851D9AEA-CB7A-44AF-992B-0A199F7AD450}
	EndGlobalSection
EndGlobal
